
Microsoft Visual Studio Solution File, Format Version 12.00
# Visual Studio Version 17
VisualStudioVersion = 17.5.001.0
MinimumVisualStudioVersion = 10.0.40219.1
Project("{9A19103F-16F7-4668-BE54-9A1E7A4F7556}") = "LuciansLusciousLasagna", "LuciansLusciousLasagna.csproj", "{A5086867-90BB-4022-B6EC-C6387CBABF38}"
EndProject
Global
	GlobalSection(SolutionConfigurationPlatforms) = preSolution
		Debug|Any CPU = Debug|Any CPU
		Release|Any CPU = Release|Any CPU
	EndGlobalSection
	GlobalSection(ProjectConfigurationPlatforms) = postSolution
		{A5086867-90BB-4022-B6EC-C6387CBABF38}.Debug|Any CPU.ActiveCfg = Debug|Any CPU
		{A5086867-90BB-4022-B6EC-C6387CBABF38}.Debug|Any CPU.Build.0 = Debug|Any CPU
		{A5086867-90BB-4022-B6EC-C6387CBABF38}.Release|Any CPU.ActiveCfg = Release|Any CPU
		{A5086867-90BB-4022-B6EC-C6387CBABF38}.Release|Any CPU.Build.0 = Release|Any CPU
	EndGlobalSection
	GlobalSection(SolutionProperties) = preSolution
		HideSolutionNode = FALSE
	EndGlobalSection
	GlobalSection(ExtensibilityGlobals) = postSolution
		SolutionGuid = {6931A372-E4D5-4743-AA74-A56846DA2F6A}
	EndGlobalSection
EndGlobal
